
Microsoft Visual Studio Solution File, Format Version 12.00
Project("{FAE04EC0-301F-11D3-BF4B-00C04F79EFBC}") = "Echo", "Echo\Echo.csproj", "{3718C8AA-EE4D-49D7-9958-D7427E27579A}"
EndProject
Project("{FAE04EC0-301F-11D3-BF4B-00C04F79EFBC}") = "Echo.Infrastructure", "Echo.Infrastructure\Echo.Infrastructure.csproj", "{96AAABAC-5351-418A-9D91-274491351D2C}"
EndProject
Project("{2150E333-8FDC-42A3-9474-1A3956D46DE8}") = "Guild", "Guild", "{97463163-EA52-4D56-B4A8-A8C01896F304}"
EndProject
Project("{FAE04EC0-301F-11D3-BF4B-00C04F79EFBC}") = "Guild.Application", "Guild.Application\Guild.Application.csproj", "{1308316C-3690-4393-A3F5-FB561200D6B7}"
EndProject
Project("{FAE04EC0-301F-11D3-BF4B-00C04F79EFBC}") = "Guild.Domain", "Guild.Domain\Guild.Domain.csproj", "{FE5AF220-7E4F-4137-A5E7-8BD938F04D84}"
EndProject
Project("{FAE04EC0-301F-11D3-BF4B-00C04F79EFBC}") = "Guild.Infrastructure", "Guild.Infrastructure\Guild.Infrastructure.csproj", "{C8558A32-0AD9-4054-A77F-B3A82BB8AA6A}"
EndProject
Project("{2150E333-8FDC-42A3-9474-1A3956D46DE8}") = "Common", "Common", "{171B05F6-7E5C-4EEF-A797-4EEBD8B876F6}"
EndProject
Project("{FAE04EC0-301F-11D3-BF4B-00C04F79EFBC}") = "Persistence", "Persistence\Persistence.csproj", "{9D532AC7-658C-4680-AE76-2AC10D5947EF}"
EndProject
Project("{2150E333-8FDC-42A3-9474-1A3956D46DE8}") = "Messaging", "Messaging", "{468B8887-538B-459A-B6C1-A093EF285E80}"
EndProject
Project("{FAE04EC0-301F-11D3-BF4B-00C04F79EFBC}") = "Messaging.Domain", "Messaging.Domain\Messaging.Domain.csproj", "{F58FA546-DF97-4CDB-BE4D-9B4C25B97D1E}"
EndProject
Project("{FAE04EC0-301F-11D3-BF4B-00C04F79EFBC}") = "Messaging.Infrastructure", "Messaging.Infrastructure\Messaging.Infrastructure.csproj", "{01E480EC-858E-4C8F-B395-12EFE559B07F}"
EndProject
Project("{2150E333-8FDC-42A3-9474-1A3956D46DE8}") = "Identity", "Identity", "{D294FEA1-A030-428D-8585-A87CC2A0A35B}"
EndProject
Project("{FAE04EC0-301F-11D3-BF4B-00C04F79EFBC}") = "Identity.Application", "Identity.Application\Identity.Application.csproj", "{19931318-C11B-42FB-83EE-A5CB0EAD6A74}"
EndProject
Project("{FAE04EC0-301F-11D3-BF4B-00C04F79EFBC}") = "Identity.Domain", "Identity.Domain\Identity.Domain.csproj", "{18568D2B-5884-4DDD-96EF-434BA191F83E}"
EndProject
Project("{2150E333-8FDC-42A3-9474-1A3956D46DE8}") = "Solution Items", "Solution Items", "{5BADEDE3-6A5B-4B51-9C1D-2092BFBF4673}"
	ProjectSection(SolutionItems) = preProject
		compose.yaml = compose.yaml
	EndProjectSection
EndProject
Project("{FAE04EC0-301F-11D3-BF4B-00C04F79EFBC}") = "Messaging.Application", "Messaging.Application\Messaging.Application.csproj", "{E1C051D0-E7A8-4554-B2DE-8A58FB8E10AF}"
EndProject
Project("{2150E333-8FDC-42A3-9474-1A3956D46DE8}") = "Tests", "Tests", "{3293F4DF-C189-43C4-8AA1-AA178359F196}"
EndProject
Project("{FAE04EC0-301F-11D3-BF4B-00C04F79EFBC}") = "Message.Domain.Tests", "Message.Domain.Tests\Message.Domain.Tests.csproj", "{3A8D66F9-F6B4-4F10-849E-F9DFDB7CDDE3}"
EndProject
Project("{FAE04EC0-301F-11D3-BF4B-00C04F79EFBC}") = "AppEnvironment", "AppEnvironment\AppEnvironment.csproj", "{EE4BBDAF-9973-4D71-9A71-B57706BF367D}"
EndProject
Project("{FAE04EC0-301F-11D3-BF4B-00C04F79EFBC}") = "Contracts", "Contracts\Contracts.csproj", "{8D86C0E6-189F-47B2-A867-56B036836E51}"
EndProject
Project("{FAE04EC0-301F-11D3-BF4B-00C04F79EFBC}") = "Domain", "Domain\Domain.csproj", "{548F6E1C-36FA-40F4-BDA4-32555858B1CF}"
EndProject
Project("{2150E333-8FDC-42A3-9474-1A3956D46DE8}") = "Tests", "Tests", "{03A2743C-C2DC-4DAA-8B41-606C284E412A}"
EndProject
Project("{FAE04EC0-301F-11D3-BF4B-00C04F79EFBC}") = "User.Tests", "User.Tests\User.Tests.csproj", "{BCCF5AF0-93A9-4F9B-BE7B-45F10CB5E2A2}"
EndProject
Project("{FAE04EC0-301F-11D3-BF4B-00C04F79EFBC}") = "Identity.Infrastructure", "Identity.Infrastructure\Identity.Infrastructure.csproj", "{492496C1-96D5-4F72-8CAE-2BC0B4BBF250}"
EndProject
Project("{FAE04EC0-301F-11D3-BF4B-00C04F79EFBC}") = "Identity.Contracts", "Identity.Contracts\Identity.Contracts.csproj", "{095AD74A-CB79-4652-9538-0077B7083228}"
EndProject
Project("{FAE04EC0-301F-11D3-BF4B-00C04F79EFBC}") = "Messaging", "Messaging\Messaging.csproj", "{0FCB3CC0-7C8C-4BFE-B25E-8F4DE046B426}"
EndProject
Project("{FAE04EC0-301F-11D3-BF4B-00C04F79EFBC}") = "Domain.Tests", "Domain.Tests\Domain.Tests.csproj", "{249DB0C6-D7F7-4740-B78B-949BC41346D4}"
EndProject
Project("{2150E333-8FDC-42A3-9474-1A3956D46DE8}") = "Social", "Social", "{FAC36B61-4A4F-4BA8-A111-A8CFD3AE4D5E}"
EndProject
Project("{FAE04EC0-301F-11D3-BF4B-00C04F79EFBC}") = "Social.Application", "Social.Application\Social.Application.csproj", "{47EDDD48-2F14-4623-95DB-02C3817B0861}"
EndProject
Project("{FAE04EC0-301F-11D3-BF4B-00C04F79EFBC}") = "Social.Domain", "Social.Domain\Social.Domain.csproj", "{10B8E264-F9F0-4333-8DA8-B9005AD55EE1}"
EndProject
Project("{FAE04EC0-301F-11D3-BF4B-00C04F79EFBC}") = "Social.Infrastructure", "Social.Infrastructure\Social.Infrastructure.csproj", "{F0D8B287-8CDE-44F4-A76E-2D48F03ACE7B}"
EndProject
Project("{FAE04EC0-301F-11D3-BF4B-00C04F79EFBC}") = "Social.Contracts", "Social.Contracts\Social.Contracts.csproj", "{73C745AF-986C-4860-8692-997BF8A1B55F}"
EndProject
Project("{FAE04EC0-301F-11D3-BF4B-00C04F79EFBC}") = "Guild.Contracts", "Guild.Contracts\Guild.Contracts.csproj", "{2442AE47-59C6-4107-8569-6EEE7D51194A}"
EndProject
Project("{FAE04EC0-301F-11D3-BF4B-00C04F79EFBC}") = "Guild.Tests", "Guild.Tests\Guild.Tests.csproj", "{6FD0D443-CF4C-4EA3-83FD-CDCD4AE4A519}"
EndProject
Project("{FAE04EC0-301F-11D3-BF4B-00C04F79EFBC}") = "Messaging.Tests", "Messaging.Tests\Messaging.Tests.csproj", "{94FEAFE3-FD60-4017-843B-B1A93094A55D}"
EndProject
Project("{FAE04EC0-301F-11D3-BF4B-00C04F79EFBC}") = "Social.Tests", "Social.Tests\Social.Tests.csproj", "{D327DFAA-ABD6-4E47-BD4A-D3C97FE87084}"
EndProject
Project("{FAE04EC0-301F-11D3-BF4B-00C04F79EFBC}") = "Messaging.Contracts", "Messaging.Contracts\Messaging.Contracts.csproj", "{A23EAFF0-2F55-44FB-B8EE-2FEE405FAB2B}"
EndProject
Project("{2150E333-8FDC-42A3-9474-1A3956D46DE8}") = "Federation", "Federation", "{19F5F90F-8715-4F3B-8E0F-34FE3092FDF3}"
EndProject
Project("{FAE04EC0-301F-11D3-BF4B-00C04F79EFBC}") = "Federation.Application", "Federation.Application\Federation.Application.csproj", "{A3ABFF0F-F613-4AFB-A4FC-BF4EBA4D17D1}"
EndProject
Project("{FAE04EC0-301F-11D3-BF4B-00C04F79EFBC}") = "Federation.Infrastructure", "Federation.Infrastructure\Federation.Infrastructure.csproj", "{956A7758-6B60-4EF3-ABDD-6EC309823763}"
EndProject
Project("{FAE04EC0-301F-11D3-BF4B-00C04F79EFBC}") = "Federation.Domain", "Federation.Domain\Federation.Domain.csproj", "{8CF37F15-E9B7-4822-BCFA-B3FF5D8DD5D6}"
EndProject
Project("{FAE04EC0-301F-11D3-BF4B-00C04F79EFBC}") = "Federation.Tests", "Federation.Tests\Federation.Tests.csproj", "{352532C2-5325-43E1-8E77-82034B7B2417}"
EndProject
Project("{2150E333-8FDC-42A3-9474-1A3956D46DE8}") = "Echo", "Echo", "{8025DCBE-9D50-439E-9AB2-B1317CBE5727}"
EndProject
Project("{FAE04EC0-301F-11D3-BF4B-00C04F79EFBC}") = "Echo.Domain", "Echo.Domain\Echo.Domain.csproj", "{82C978EA-6616-4C05-9F06-16D6E85ADE7C}"
EndProject
Project("{2150E333-8FDC-42A3-9474-1A3956D46DE8}") = "Tests", "Tests", "{0AB3BF05-4346-4AA6-1389-037BE0695223}"
EndProject
Project("{FAE04EC0-301F-11D3-BF4B-00C04F79EFBC}") = "Identity.Tests", "Identity.Tests\Identity.Tests.csproj", "{324AA7A6-561D-4159-B695-4BD013BFF239}"
EndProject
Project("{2150E333-8FDC-42A3-9474-1A3956D46DE8}") = "Isle", "Isle", "{6E1F48CB-F807-465D-B630-5B7C74ECEFC2}"
EndProject
Project("{FAE04EC0-301F-11D3-BF4B-00C04F79EFBC}") = "Isle.Application", "Isle.Application\Isle.Application.csproj", "{F8C53396-F90E-4004-BE83-49259699AA43}"
EndProject
Project("{FAE04EC0-301F-11D3-BF4B-00C04F79EFBC}") = "Isle.Domain", "Isle.Domain\Isle.Domain.csproj", "{FA742C22-6F1A-4649-BFB5-5897E121C47F}"
EndProject
Project("{FAE04EC0-301F-11D3-BF4B-00C04F79EFBC}") = "Isle.Infrastructure", "Isle.Infrastructure\Isle.Infrastructure.csproj", "{7D40128F-3A47-439F-ACF8-1C0903883A34}"
EndProject
Project("{FAE04EC0-301F-11D3-BF4B-00C04F79EFBC}") = "IsleBridge.Sdk", "IsleBridge.Sdk\IsleBridge.Sdk\IsleBridge.Sdk.csproj", "{11E317E1-39A0-427C-B35B-414F7B3CD787}"
EndProject
Project("{FAE04EC0-301F-11D3-BF4B-00C04F79EFBC}") = "Echo.Realtime", "Echo.Realtime\Echo.Realtime.csproj", "{A5999A50-BEAF-47DA-A81D-EE3E578B4B2E}"
EndProject
Project("{FAE04EC0-301F-11D3-BF4B-00C04F79EFBC}") = "Isle.Contracts", "Isle.Contracts\Isle.Contracts.csproj", "{6F3D083F-68A2-425B-A450-863ECCAE283F}"
EndProject
Global
	GlobalSection(SolutionConfigurationPlatforms) = preSolution
		Debug|Any CPU = Debug|Any CPU
		Debug|x64 = Debug|x64
		Debug|x86 = Debug|x86
		Release|Any CPU = Release|Any CPU
		Release|x64 = Release|x64
		Release|x86 = Release|x86
	EndGlobalSection
	GlobalSection(ProjectConfigurationPlatforms) = postSolution
		{3718C8AA-EE4D-49D7-9958-D7427E27579A}.Debug|Any CPU.ActiveCfg = Debug|Any CPU
		{3718C8AA-EE4D-49D7-9958-D7427E27579A}.Debug|Any CPU.Build.0 = Debug|Any CPU
		{3718C8AA-EE4D-49D7-9958-D7427E27579A}.Debug|x64.ActiveCfg = Debug|Any CPU
		{3718C8AA-EE4D-49D7-9958-D7427E27579A}.Debug|x64.Build.0 = Debug|Any CPU
		{3718C8AA-EE4D-49D7-9958-D7427E27579A}.Debug|x86.ActiveCfg = Debug|Any CPU
		{3718C8AA-EE4D-49D7-9958-D7427E27579A}.Debug|x86.Build.0 = Debug|Any CPU
		{3718C8AA-EE4D-49D7-9958-D7427E27579A}.Release|Any CPU.ActiveCfg = Release|Any CPU
		{3718C8AA-EE4D-49D7-9958-D7427E27579A}.Release|Any CPU.Build.0 = Release|Any CPU
		{3718C8AA-EE4D-49D7-9958-D7427E27579A}.Release|x64.ActiveCfg = Release|Any CPU
		{3718C8AA-EE4D-49D7-9958-D7427E27579A}.Release|x64.Build.0 = Release|Any CPU
		{3718C8AA-EE4D-49D7-9958-D7427E27579A}.Release|x86.ActiveCfg = Release|Any CPU
		{3718C8AA-EE4D-49D7-9958-D7427E27579A}.Release|x86.Build.0 = Release|Any CPU
		{96AAABAC-5351-418A-9D91-274491351D2C}.Debug|Any CPU.ActiveCfg = Debug|Any CPU
		{96AAABAC-5351-418A-9D91-274491351D2C}.Debug|Any CPU.Build.0 = Debug|Any CPU
		{96AAABAC-5351-418A-9D91-274491351D2C}.Debug|x64.ActiveCfg = Debug|Any CPU
		{96AAABAC-5351-418A-9D91-274491351D2C}.Debug|x64.Build.0 = Debug|Any CPU
		{96AAABAC-5351-418A-9D91-274491351D2C}.Debug|x86.ActiveCfg = Debug|Any CPU
		{96AAABAC-5351-418A-9D91-274491351D2C}.Debug|x86.Build.0 = Debug|Any CPU
		{96AAABAC-5351-418A-9D91-274491351D2C}.Release|Any CPU.ActiveCfg = Release|Any CPU
		{96AAABAC-5351-418A-9D91-274491351D2C}.Release|Any CPU.Build.0 = Release|Any CPU
		{96AAABAC-5351-418A-9D91-274491351D2C}.Release|x64.ActiveCfg = Release|Any CPU
		{96AAABAC-5351-418A-9D91-274491351D2C}.Release|x64.Build.0 = Release|Any CPU
		{96AAABAC-5351-418A-9D91-274491351D2C}.Release|x86.ActiveCfg = Release|Any CPU
		{96AAABAC-5351-418A-9D91-274491351D2C}.Release|x86.Build.0 = Release|Any CPU
		{1308316C-3690-4393-A3F5-FB561200D6B7}.Debug|Any CPU.ActiveCfg = Debug|Any CPU
		{1308316C-3690-4393-A3F5-FB561200D6B7}.Debug|Any CPU.Build.0 = Debug|Any CPU
		{1308316C-3690-4393-A3F5-FB561200D6B7}.Debug|x64.ActiveCfg = Debug|Any CPU
		{1308316C-3690-4393-A3F5-FB561200D6B7}.Debug|x64.Build.0 = Debug|Any CPU
		{1308316C-3690-4393-A3F5-FB561200D6B7}.Debug|x86.ActiveCfg = Debug|Any CPU
		{1308316C-3690-4393-A3F5-FB561200D6B7}.Debug|x86.Build.0 = Debug|Any CPU
		{1308316C-3690-4393-A3F5-FB561200D6B7}.Release|Any CPU.ActiveCfg = Release|Any CPU
		{1308316C-3690-4393-A3F5-FB561200D6B7}.Release|Any CPU.Build.0 = Release|Any CPU
		{1308316C-3690-4393-A3F5-FB561200D6B7}.Release|x64.ActiveCfg = Release|Any CPU
		{1308316C-3690-4393-A3F5-FB561200D6B7}.Release|x64.Build.0 = Release|Any CPU
		{1308316C-3690-4393-A3F5-FB561200D6B7}.Release|x86.ActiveCfg = Release|Any CPU
		{1308316C-3690-4393-A3F5-FB561200D6B7}.Release|x86.Build.0 = Release|Any CPU
		{FE5AF220-7E4F-4137-A5E7-8BD938F04D84}.Debug|Any CPU.ActiveCfg = Debug|Any CPU
		{FE5AF220-7E4F-4137-A5E7-8BD938F04D84}.Debug|Any CPU.Build.0 = Debug|Any CPU
		{FE5AF220-7E4F-4137-A5E7-8BD938F04D84}.Debug|x64.ActiveCfg = Debug|Any CPU
		{FE5AF220-7E4F-4137-A5E7-8BD938F04D84}.Debug|x64.Build.0 = Debug|Any CPU
		{FE5AF220-7E4F-4137-A5E7-8BD938F04D84}.Debug|x86.ActiveCfg = Debug|Any CPU
		{FE5AF220-7E4F-4137-A5E7-8BD938F04D84}.Debug|x86.Build.0 = Debug|Any CPU
		{FE5AF220-7E4F-4137-A5E7-8BD938F04D84}.Release|Any CPU.ActiveCfg = Release|Any CPU
		{FE5AF220-7E4F-4137-A5E7-8BD938F04D84}.Release|Any CPU.Build.0 = Release|Any CPU
		{FE5AF220-7E4F-4137-A5E7-8BD938F04D84}.Release|x64.ActiveCfg = Release|Any CPU
		{FE5AF220-7E4F-4137-A5E7-8BD938F04D84}.Release|x64.Build.0 = Release|Any CPU
		{FE5AF220-7E4F-4137-A5E7-8BD938F04D84}.Release|x86.ActiveCfg = Release|Any CPU
		{FE5AF220-7E4F-4137-A5E7-8BD938F04D84}.Release|x86.Build.0 = Release|Any CPU
		{C8558A32-0AD9-4054-A77F-B3A82BB8AA6A}.Debug|Any CPU.ActiveCfg = Debug|Any CPU
		{C8558A32-0AD9-4054-A77F-B3A82BB8AA6A}.Debug|Any CPU.Build.0 = Debug|Any CPU
		{C8558A32-0AD9-4054-A77F-B3A82BB8AA6A}.Debug|x64.ActiveCfg = Debug|Any CPU
		{C8558A32-0AD9-4054-A77F-B3A82BB8AA6A}.Debug|x64.Build.0 = Debug|Any CPU
		{C8558A32-0AD9-4054-A77F-B3A82BB8AA6A}.Debug|x86.ActiveCfg = Debug|Any CPU
		{C8558A32-0AD9-4054-A77F-B3A82BB8AA6A}.Debug|x86.Build.0 = Debug|Any CPU
		{C8558A32-0AD9-4054-A77F-B3A82BB8AA6A}.Release|Any CPU.ActiveCfg = Release|Any CPU
		{C8558A32-0AD9-4054-A77F-B3A82BB8AA6A}.Release|Any CPU.Build.0 = Release|Any CPU
		{C8558A32-0AD9-4054-A77F-B3A82BB8AA6A}.Release|x64.ActiveCfg = Release|Any CPU
		{C8558A32-0AD9-4054-A77F-B3A82BB8AA6A}.Release|x64.Build.0 = Release|Any CPU
		{C8558A32-0AD9-4054-A77F-B3A82BB8AA6A}.Release|x86.ActiveCfg = Release|Any CPU
		{C8558A32-0AD9-4054-A77F-B3A82BB8AA6A}.Release|x86.Build.0 = Release|Any CPU
		{9D532AC7-658C-4680-AE76-2AC10D5947EF}.Debug|Any CPU.ActiveCfg = Debug|Any CPU
		{9D532AC7-658C-4680-AE76-2AC10D5947EF}.Debug|Any CPU.Build.0 = Debug|Any CPU
		{9D532AC7-658C-4680-AE76-2AC10D5947EF}.Debug|x64.ActiveCfg = Debug|Any CPU
		{9D532AC7-658C-4680-AE76-2AC10D5947EF}.Debug|x64.Build.0 = Debug|Any CPU
		{9D532AC7-658C-4680-AE76-2AC10D5947EF}.Debug|x86.ActiveCfg = Debug|Any CPU
		{9D532AC7-658C-4680-AE76-2AC10D5947EF}.Debug|x86.Build.0 = Debug|Any CPU
		{9D532AC7-658C-4680-AE76-2AC10D5947EF}.Release|Any CPU.ActiveCfg = Release|Any CPU
		{9D532AC7-658C-4680-AE76-2AC10D5947EF}.Release|Any CPU.Build.0 = Release|Any CPU
		{9D532AC7-658C-4680-AE76-2AC10D5947EF}.Release|x64.ActiveCfg = Release|Any CPU
		{9D532AC7-658C-4680-AE76-2AC10D5947EF}.Release|x64.Build.0 = Release|Any CPU
		{9D532AC7-658C-4680-AE76-2AC10D5947EF}.Release|x86.ActiveCfg = Release|Any CPU
		{9D532AC7-658C-4680-AE76-2AC10D5947EF}.Release|x86.Build.0 = Release|Any CPU
		{F58FA546-DF97-4CDB-BE4D-9B4C25B97D1E}.Debug|Any CPU.ActiveCfg = Debug|Any CPU
		{F58FA546-DF97-4CDB-BE4D-9B4C25B97D1E}.Debug|Any CPU.Build.0 = Debug|Any CPU
		{F58FA546-DF97-4CDB-BE4D-9B4C25B97D1E}.Debug|x64.ActiveCfg = Debug|Any CPU
		{F58FA546-DF97-4CDB-BE4D-9B4C25B97D1E}.Debug|x64.Build.0 = Debug|Any CPU
		{F58FA546-DF97-4CDB-BE4D-9B4C25B97D1E}.Debug|x86.ActiveCfg = Debug|Any CPU
		{F58FA546-DF97-4CDB-BE4D-9B4C25B97D1E}.Debug|x86.Build.0 = Debug|Any CPU
		{F58FA546-DF97-4CDB-BE4D-9B4C25B97D1E}.Release|Any CPU.ActiveCfg = Release|Any CPU
		{F58FA546-DF97-4CDB-BE4D-9B4C25B97D1E}.Release|Any CPU.Build.0 = Release|Any CPU
		{F58FA546-DF97-4CDB-BE4D-9B4C25B97D1E}.Release|x64.ActiveCfg = Release|Any CPU
		{F58FA546-DF97-4CDB-BE4D-9B4C25B97D1E}.Release|x64.Build.0 = Release|Any CPU
		{F58FA546-DF97-4CDB-BE4D-9B4C25B97D1E}.Release|x86.ActiveCfg = Release|Any CPU
		{F58FA546-DF97-4CDB-BE4D-9B4C25B97D1E}.Release|x86.Build.0 = Release|Any CPU
		{01E480EC-858E-4C8F-B395-12EFE559B07F}.Debug|Any CPU.ActiveCfg = Debug|Any CPU
		{01E480EC-858E-4C8F-B395-12EFE559B07F}.Debug|Any CPU.Build.0 = Debug|Any CPU
		{01E480EC-858E-4C8F-B395-12EFE559B07F}.Debug|x64.ActiveCfg = Debug|Any CPU
		{01E480EC-858E-4C8F-B395-12EFE559B07F}.Debug|x64.Build.0 = Debug|Any CPU
		{01E480EC-858E-4C8F-B395-12EFE559B07F}.Debug|x86.ActiveCfg = Debug|Any CPU
		{01E480EC-858E-4C8F-B395-12EFE559B07F}.Debug|x86.Build.0 = Debug|Any CPU
		{01E480EC-858E-4C8F-B395-12EFE559B07F}.Release|Any CPU.ActiveCfg = Release|Any CPU
		{01E480EC-858E-4C8F-B395-12EFE559B07F}.Release|Any CPU.Build.0 = Release|Any CPU
		{01E480EC-858E-4C8F-B395-12EFE559B07F}.Release|x64.ActiveCfg = Release|Any CPU
		{01E480EC-858E-4C8F-B395-12EFE559B07F}.Release|x64.Build.0 = Release|Any CPU
		{01E480EC-858E-4C8F-B395-12EFE559B07F}.Release|x86.ActiveCfg = Release|Any CPU
		{01E480EC-858E-4C8F-B395-12EFE559B07F}.Release|x86.Build.0 = Release|Any CPU
		{19931318-C11B-42FB-83EE-A5CB0EAD6A74}.Debug|Any CPU.ActiveCfg = Debug|Any CPU
		{19931318-C11B-42FB-83EE-A5CB0EAD6A74}.Debug|Any CPU.Build.0 = Debug|Any CPU
		{19931318-C11B-42FB-83EE-A5CB0EAD6A74}.Debug|x64.ActiveCfg = Debug|Any CPU
		{19931318-C11B-42FB-83EE-A5CB0EAD6A74}.Debug|x64.Build.0 = Debug|Any CPU
		{19931318-C11B-42FB-83EE-A5CB0EAD6A74}.Debug|x86.ActiveCfg = Debug|Any CPU
		{19931318-C11B-42FB-83EE-A5CB0EAD6A74}.Debug|x86.Build.0 = Debug|Any CPU
		{19931318-C11B-42FB-83EE-A5CB0EAD6A74}.Release|Any CPU.ActiveCfg = Release|Any CPU
		{19931318-C11B-42FB-83EE-A5CB0EAD6A74}.Release|Any CPU.Build.0 = Release|Any CPU
		{19931318-C11B-42FB-83EE-A5CB0EAD6A74}.Release|x64.ActiveCfg = Release|Any CPU
		{19931318-C11B-42FB-83EE-A5CB0EAD6A74}.Release|x64.Build.0 = Release|Any CPU
		{19931318-C11B-42FB-83EE-A5CB0EAD6A74}.Release|x86.ActiveCfg = Release|Any CPU
		{19931318-C11B-42FB-83EE-A5CB0EAD6A74}.Release|x86.Build.0 = Release|Any CPU
		{18568D2B-5884-4DDD-96EF-434BA191F83E}.Debug|Any CPU.ActiveCfg = Debug|Any CPU
		{18568D2B-5884-4DDD-96EF-434BA191F83E}.Debug|Any CPU.Build.0 = Debug|Any CPU
		{18568D2B-5884-4DDD-96EF-434BA191F83E}.Debug|x64.ActiveCfg = Debug|Any CPU
		{18568D2B-5884-4DDD-96EF-434BA191F83E}.Debug|x64.Build.0 = Debug|Any CPU
		{18568D2B-5884-4DDD-96EF-434BA191F83E}.Debug|x86.ActiveCfg = Debug|Any CPU
		{18568D2B-5884-4DDD-96EF-434BA191F83E}.Debug|x86.Build.0 = Debug|Any CPU
		{18568D2B-5884-4DDD-96EF-434BA191F83E}.Release|Any CPU.ActiveCfg = Release|Any CPU
		{18568D2B-5884-4DDD-96EF-434BA191F83E}.Release|Any CPU.Build.0 = Release|Any CPU
		{18568D2B-5884-4DDD-96EF-434BA191F83E}.Release|x64.ActiveCfg = Release|Any CPU
		{18568D2B-5884-4DDD-96EF-434BA191F83E}.Release|x64.Build.0 = Release|Any CPU
		{18568D2B-5884-4DDD-96EF-434BA191F83E}.Release|x86.ActiveCfg = Release|Any CPU
		{18568D2B-5884-4DDD-96EF-434BA191F83E}.Release|x86.Build.0 = Release|Any CPU
		{E1C051D0-E7A8-4554-B2DE-8A58FB8E10AF}.Debug|Any CPU.ActiveCfg = Debug|Any CPU
		{E1C051D0-E7A8-4554-B2DE-8A58FB8E10AF}.Debug|Any CPU.Build.0 = Debug|Any CPU
		{E1C051D0-E7A8-4554-B2DE-8A58FB8E10AF}.Debug|x64.ActiveCfg = Debug|Any CPU
		{E1C051D0-E7A8-4554-B2DE-8A58FB8E10AF}.Debug|x64.Build.0 = Debug|Any CPU
		{E1C051D0-E7A8-4554-B2DE-8A58FB8E10AF}.Debug|x86.ActiveCfg = Debug|Any CPU
		{E1C051D0-E7A8-4554-B2DE-8A58FB8E10AF}.Debug|x86.Build.0 = Debug|Any CPU
		{E1C051D0-E7A8-4554-B2DE-8A58FB8E10AF}.Release|Any CPU.ActiveCfg = Release|Any CPU
		{E1C051D0-E7A8-4554-B2DE-8A58FB8E10AF}.Release|Any CPU.Build.0 = Release|Any CPU
		{E1C051D0-E7A8-4554-B2DE-8A58FB8E10AF}.Release|x64.ActiveCfg = Release|Any CPU
		{E1C051D0-E7A8-4554-B2DE-8A58FB8E10AF}.Release|x64.Build.0 = Release|Any CPU
		{E1C051D0-E7A8-4554-B2DE-8A58FB8E10AF}.Release|x86.ActiveCfg = Release|Any CPU
		{E1C051D0-E7A8-4554-B2DE-8A58FB8E10AF}.Release|x86.Build.0 = Release|Any CPU
		{3A8D66F9-F6B4-4F10-849E-F9DFDB7CDDE3}.Debug|Any CPU.ActiveCfg = Debug|Any CPU
		{3A8D66F9-F6B4-4F10-849E-F9DFDB7CDDE3}.Debug|Any CPU.Build.0 = Debug|Any CPU
		{3A8D66F9-F6B4-4F10-849E-F9DFDB7CDDE3}.Debug|x64.ActiveCfg = Debug|Any CPU
		{3A8D66F9-F6B4-4F10-849E-F9DFDB7CDDE3}.Debug|x64.Build.0 = Debug|Any CPU
		{3A8D66F9-F6B4-4F10-849E-F9DFDB7CDDE3}.Debug|x86.ActiveCfg = Debug|Any CPU
		{3A8D66F9-F6B4-4F10-849E-F9DFDB7CDDE3}.Debug|x86.Build.0 = Debug|Any CPU
		{3A8D66F9-F6B4-4F10-849E-F9DFDB7CDDE3}.Release|Any CPU.ActiveCfg = Release|Any CPU
		{3A8D66F9-F6B4-4F10-849E-F9DFDB7CDDE3}.Release|Any CPU.Build.0 = Release|Any CPU
		{3A8D66F9-F6B4-4F10-849E-F9DFDB7CDDE3}.Release|x64.ActiveCfg = Release|Any CPU
		{3A8D66F9-F6B4-4F10-849E-F9DFDB7CDDE3}.Release|x64.Build.0 = Release|Any CPU
		{3A8D66F9-F6B4-4F10-849E-F9DFDB7CDDE3}.Release|x86.ActiveCfg = Release|Any CPU
		{3A8D66F9-F6B4-4F10-849E-F9DFDB7CDDE3}.Release|x86.Build.0 = Release|Any CPU
		{EE4BBDAF-9973-4D71-9A71-B57706BF367D}.Debug|Any CPU.ActiveCfg = Debug|Any CPU
		{EE4BBDAF-9973-4D71-9A71-B57706BF367D}.Debug|Any CPU.Build.0 = Debug|Any CPU
		{EE4BBDAF-9973-4D71-9A71-B57706BF367D}.Debug|x64.ActiveCfg = Debug|Any CPU
		{EE4BBDAF-9973-4D71-9A71-B57706BF367D}.Debug|x64.Build.0 = Debug|Any CPU
		{EE4BBDAF-9973-4D71-9A71-B57706BF367D}.Debug|x86.ActiveCfg = Debug|Any CPU
		{EE4BBDAF-9973-4D71-9A71-B57706BF367D}.Debug|x86.Build.0 = Debug|Any CPU
		{EE4BBDAF-9973-4D71-9A71-B57706BF367D}.Release|Any CPU.ActiveCfg = Release|Any CPU
		{EE4BBDAF-9973-4D71-9A71-B57706BF367D}.Release|Any CPU.Build.0 = Release|Any CPU
		{EE4BBDAF-9973-4D71-9A71-B57706BF367D}.Release|x64.ActiveCfg = Release|Any CPU
		{EE4BBDAF-9973-4D71-9A71-B57706BF367D}.Release|x64.Build.0 = Release|Any CPU
		{EE4BBDAF-9973-4D71-9A71-B57706BF367D}.Release|x86.ActiveCfg = Release|Any CPU
		{EE4BBDAF-9973-4D71-9A71-B57706BF367D}.Release|x86.Build.0 = Release|Any CPU
		{8D86C0E6-189F-47B2-A867-56B036836E51}.Debug|Any CPU.ActiveCfg = Debug|Any CPU
		{8D86C0E6-189F-47B2-A867-56B036836E51}.Debug|Any CPU.Build.0 = Debug|Any CPU
		{8D86C0E6-189F-47B2-A867-56B036836E51}.Debug|x64.ActiveCfg = Debug|Any CPU
		{8D86C0E6-189F-47B2-A867-56B036836E51}.Debug|x64.Build.0 = Debug|Any CPU
		{8D86C0E6-189F-47B2-A867-56B036836E51}.Debug|x86.ActiveCfg = Debug|Any CPU
		{8D86C0E6-189F-47B2-A867-56B036836E51}.Debug|x86.Build.0 = Debug|Any CPU
		{8D86C0E6-189F-47B2-A867-56B036836E51}.Release|Any CPU.ActiveCfg = Release|Any CPU
		{8D86C0E6-189F-47B2-A867-56B036836E51}.Release|Any CPU.Build.0 = Release|Any CPU
		{8D86C0E6-189F-47B2-A867-56B036836E51}.Release|x64.ActiveCfg = Release|Any CPU
		{8D86C0E6-189F-47B2-A867-56B036836E51}.Release|x64.Build.0 = Release|Any CPU
		{8D86C0E6-189F-47B2-A867-56B036836E51}.Release|x86.ActiveCfg = Release|Any CPU
		{8D86C0E6-189F-47B2-A867-56B036836E51}.Release|x86.Build.0 = Release|Any CPU
		{548F6E1C-36FA-40F4-BDA4-32555858B1CF}.Debug|Any CPU.ActiveCfg = Debug|Any CPU
		{548F6E1C-36FA-40F4-BDA4-32555858B1CF}.Debug|Any CPU.Build.0 = Debug|Any CPU
		{548F6E1C-36FA-40F4-BDA4-32555858B1CF}.Debug|x64.ActiveCfg = Debug|Any CPU
		{548F6E1C-36FA-40F4-BDA4-32555858B1CF}.Debug|x64.Build.0 = Debug|Any CPU
		{548F6E1C-36FA-40F4-BDA4-32555858B1CF}.Debug|x86.ActiveCfg = Debug|Any CPU
		{548F6E1C-36FA-40F4-BDA4-32555858B1CF}.Debug|x86.Build.0 = Debug|Any CPU
		{548F6E1C-36FA-40F4-BDA4-32555858B1CF}.Release|Any CPU.ActiveCfg = Release|Any CPU
		{548F6E1C-36FA-40F4-BDA4-32555858B1CF}.Release|Any CPU.Build.0 = Release|Any CPU
		{548F6E1C-36FA-40F4-BDA4-32555858B1CF}.Release|x64.ActiveCfg = Release|Any CPU
		{548F6E1C-36FA-40F4-BDA4-32555858B1CF}.Release|x64.Build.0 = Release|Any CPU
		{548F6E1C-36FA-40F4-BDA4-32555858B1CF}.Release|x86.ActiveCfg = Release|Any CPU
		{548F6E1C-36FA-40F4-BDA4-32555858B1CF}.Release|x86.Build.0 = Release|Any CPU
		{BCCF5AF0-93A9-4F9B-BE7B-45F10CB5E2A2}.Debug|Any CPU.ActiveCfg = Debug|Any CPU
		{BCCF5AF0-93A9-4F9B-BE7B-45F10CB5E2A2}.Debug|Any CPU.Build.0 = Debug|Any CPU
		{BCCF5AF0-93A9-4F9B-BE7B-45F10CB5E2A2}.Debug|x64.ActiveCfg = Debug|Any CPU
		{BCCF5AF0-93A9-4F9B-BE7B-45F10CB5E2A2}.Debug|x64.Build.0 = Debug|Any CPU
		{BCCF5AF0-93A9-4F9B-BE7B-45F10CB5E2A2}.Debug|x86.ActiveCfg = Debug|Any CPU
		{BCCF5AF0-93A9-4F9B-BE7B-45F10CB5E2A2}.Debug|x86.Build.0 = Debug|Any CPU
		{BCCF5AF0-93A9-4F9B-BE7B-45F10CB5E2A2}.Release|Any CPU.ActiveCfg = Release|Any CPU
		{BCCF5AF0-93A9-4F9B-BE7B-45F10CB5E2A2}.Release|Any CPU.Build.0 = Release|Any CPU
		{BCCF5AF0-93A9-4F9B-BE7B-45F10CB5E2A2}.Release|x64.ActiveCfg = Release|Any CPU
		{BCCF5AF0-93A9-4F9B-BE7B-45F10CB5E2A2}.Release|x64.Build.0 = Release|Any CPU
		{BCCF5AF0-93A9-4F9B-BE7B-45F10CB5E2A2}.Release|x86.ActiveCfg = Release|Any CPU
		{BCCF5AF0-93A9-4F9B-BE7B-45F10CB5E2A2}.Release|x86.Build.0 = Release|Any CPU
		{492496C1-96D5-4F72-8CAE-2BC0B4BBF250}.Debug|Any CPU.ActiveCfg = Debug|Any CPU
		{492496C1-96D5-4F72-8CAE-2BC0B4BBF250}.Debug|Any CPU.Build.0 = Debug|Any CPU
		{492496C1-96D5-4F72-8CAE-2BC0B4BBF250}.Debug|x64.ActiveCfg = Debug|Any CPU
		{492496C1-96D5-4F72-8CAE-2BC0B4BBF250}.Debug|x64.Build.0 = Debug|Any CPU
		{492496C1-96D5-4F72-8CAE-2BC0B4BBF250}.Debug|x86.ActiveCfg = Debug|Any CPU
		{492496C1-96D5-4F72-8CAE-2BC0B4BBF250}.Debug|x86.Build.0 = Debug|Any CPU
		{492496C1-96D5-4F72-8CAE-2BC0B4BBF250}.Release|Any CPU.ActiveCfg = Release|Any CPU
		{492496C1-96D5-4F72-8CAE-2BC0B4BBF250}.Release|Any CPU.Build.0 = Release|Any CPU
		{492496C1-96D5-4F72-8CAE-2BC0B4BBF250}.Release|x64.ActiveCfg = Release|Any CPU
		{492496C1-96D5-4F72-8CAE-2BC0B4BBF250}.Release|x64.Build.0 = Release|Any CPU
		{492496C1-96D5-4F72-8CAE-2BC0B4BBF250}.Release|x86.ActiveCfg = Release|Any CPU
		{492496C1-96D5-4F72-8CAE-2BC0B4BBF250}.Release|x86.Build.0 = Release|Any CPU
		{095AD74A-CB79-4652-9538-0077B7083228}.Debug|Any CPU.ActiveCfg = Debug|Any CPU
		{095AD74A-CB79-4652-9538-0077B7083228}.Debug|Any CPU.Build.0 = Debug|Any CPU
		{095AD74A-CB79-4652-9538-0077B7083228}.Debug|x64.ActiveCfg = Debug|Any CPU
		{095AD74A-CB79-4652-9538-0077B7083228}.Debug|x64.Build.0 = Debug|Any CPU
		{095AD74A-CB79-4652-9538-0077B7083228}.Debug|x86.ActiveCfg = Debug|Any CPU
		{095AD74A-CB79-4652-9538-0077B7083228}.Debug|x86.Build.0 = Debug|Any CPU
		{095AD74A-CB79-4652-9538-0077B7083228}.Release|Any CPU.ActiveCfg = Release|Any CPU
		{095AD74A-CB79-4652-9538-0077B7083228}.Release|Any CPU.Build.0 = Release|Any CPU
		{095AD74A-CB79-4652-9538-0077B7083228}.Release|x64.ActiveCfg = Release|Any CPU
		{095AD74A-CB79-4652-9538-0077B7083228}.Release|x64.Build.0 = Release|Any CPU
		{095AD74A-CB79-4652-9538-0077B7083228}.Release|x86.ActiveCfg = Release|Any CPU
		{095AD74A-CB79-4652-9538-0077B7083228}.Release|x86.Build.0 = Release|Any CPU
		{0FCB3CC0-7C8C-4BFE-B25E-8F4DE046B426}.Debug|Any CPU.ActiveCfg = Debug|Any CPU
		{0FCB3CC0-7C8C-4BFE-B25E-8F4DE046B426}.Debug|Any CPU.Build.0 = Debug|Any CPU
		{0FCB3CC0-7C8C-4BFE-B25E-8F4DE046B426}.Debug|x64.ActiveCfg = Debug|Any CPU
		{0FCB3CC0-7C8C-4BFE-B25E-8F4DE046B426}.Debug|x64.Build.0 = Debug|Any CPU
		{0FCB3CC0-7C8C-4BFE-B25E-8F4DE046B426}.Debug|x86.ActiveCfg = Debug|Any CPU
		{0FCB3CC0-7C8C-4BFE-B25E-8F4DE046B426}.Debug|x86.Build.0 = Debug|Any CPU
		{0FCB3CC0-7C8C-4BFE-B25E-8F4DE046B426}.Release|Any CPU.ActiveCfg = Release|Any CPU
		{0FCB3CC0-7C8C-4BFE-B25E-8F4DE046B426}.Release|Any CPU.Build.0 = Release|Any CPU
		{0FCB3CC0-7C8C-4BFE-B25E-8F4DE046B426}.Release|x64.ActiveCfg = Release|Any CPU
		{0FCB3CC0-7C8C-4BFE-B25E-8F4DE046B426}.Release|x64.Build.0 = Release|Any CPU
		{0FCB3CC0-7C8C-4BFE-B25E-8F4DE046B426}.Release|x86.ActiveCfg = Release|Any CPU
		{0FCB3CC0-7C8C-4BFE-B25E-8F4DE046B426}.Release|x86.Build.0 = Release|Any CPU
		{249DB0C6-D7F7-4740-B78B-949BC41346D4}.Debug|Any CPU.ActiveCfg = Debug|Any CPU
		{249DB0C6-D7F7-4740-B78B-949BC41346D4}.Debug|Any CPU.Build.0 = Debug|Any CPU
		{249DB0C6-D7F7-4740-B78B-949BC41346D4}.Debug|x64.ActiveCfg = Debug|Any CPU
		{249DB0C6-D7F7-4740-B78B-949BC41346D4}.Debug|x64.Build.0 = Debug|Any CPU
		{249DB0C6-D7F7-4740-B78B-949BC41346D4}.Debug|x86.ActiveCfg = Debug|Any CPU
		{249DB0C6-D7F7-4740-B78B-949BC41346D4}.Debug|x86.Build.0 = Debug|Any CPU
		{249DB0C6-D7F7-4740-B78B-949BC41346D4}.Release|Any CPU.ActiveCfg = Release|Any CPU
		{249DB0C6-D7F7-4740-B78B-949BC41346D4}.Release|Any CPU.Build.0 = Release|Any CPU
		{249DB0C6-D7F7-4740-B78B-949BC41346D4}.Release|x64.ActiveCfg = Release|Any CPU
		{249DB0C6-D7F7-4740-B78B-949BC41346D4}.Release|x64.Build.0 = Release|Any CPU
		{249DB0C6-D7F7-4740-B78B-949BC41346D4}.Release|x86.ActiveCfg = Release|Any CPU
		{249DB0C6-D7F7-4740-B78B-949BC41346D4}.Release|x86.Build.0 = Release|Any CPU
		{47EDDD48-2F14-4623-95DB-02C3817B0861}.Debug|Any CPU.ActiveCfg = Debug|Any CPU
		{47EDDD48-2F14-4623-95DB-02C3817B0861}.Debug|Any CPU.Build.0 = Debug|Any CPU
		{47EDDD48-2F14-4623-95DB-02C3817B0861}.Debug|x64.ActiveCfg = Debug|Any CPU
		{47EDDD48-2F14-4623-95DB-02C3817B0861}.Debug|x64.Build.0 = Debug|Any CPU
		{47EDDD48-2F14-4623-95DB-02C3817B0861}.Debug|x86.ActiveCfg = Debug|Any CPU
		{47EDDD48-2F14-4623-95DB-02C3817B0861}.Debug|x86.Build.0 = Debug|Any CPU
		{47EDDD48-2F14-4623-95DB-02C3817B0861}.Release|Any CPU.ActiveCfg = Release|Any CPU
		{47EDDD48-2F14-4623-95DB-02C3817B0861}.Release|Any CPU.Build.0 = Release|Any CPU
		{47EDDD48-2F14-4623-95DB-02C3817B0861}.Release|x64.ActiveCfg = Release|Any CPU
		{47EDDD48-2F14-4623-95DB-02C3817B0861}.Release|x64.Build.0 = Release|Any CPU
		{47EDDD48-2F14-4623-95DB-02C3817B0861}.Release|x86.ActiveCfg = Release|Any CPU
		{47EDDD48-2F14-4623-95DB-02C3817B0861}.Release|x86.Build.0 = Release|Any CPU
		{10B8E264-F9F0-4333-8DA8-B9005AD55EE1}.Debug|Any CPU.ActiveCfg = Debug|Any CPU
		{10B8E264-F9F0-4333-8DA8-B9005AD55EE1}.Debug|Any CPU.Build.0 = Debug|Any CPU
		{10B8E264-F9F0-4333-8DA8-B9005AD55EE1}.Debug|x64.ActiveCfg = Debug|Any CPU
		{10B8E264-F9F0-4333-8DA8-B9005AD55EE1}.Debug|x64.Build.0 = Debug|Any CPU
		{10B8E264-F9F0-4333-8DA8-B9005AD55EE1}.Debug|x86.ActiveCfg = Debug|Any CPU
		{10B8E264-F9F0-4333-8DA8-B9005AD55EE1}.Debug|x86.Build.0 = Debug|Any CPU
		{10B8E264-F9F0-4333-8DA8-B9005AD55EE1}.Release|Any CPU.ActiveCfg = Release|Any CPU
		{10B8E264-F9F0-4333-8DA8-B9005AD55EE1}.Release|Any CPU.Build.0 = Release|Any CPU
		{10B8E264-F9F0-4333-8DA8-B9005AD55EE1}.Release|x64.ActiveCfg = Release|Any CPU
		{10B8E264-F9F0-4333-8DA8-B9005AD55EE1}.Release|x64.Build.0 = Release|Any CPU
		{10B8E264-F9F0-4333-8DA8-B9005AD55EE1}.Release|x86.ActiveCfg = Release|Any CPU
		{10B8E264-F9F0-4333-8DA8-B9005AD55EE1}.Release|x86.Build.0 = Release|Any CPU
		{F0D8B287-8CDE-44F4-A76E-2D48F03ACE7B}.Debug|Any CPU.ActiveCfg = Debug|Any CPU
		{F0D8B287-8CDE-44F4-A76E-2D48F03ACE7B}.Debug|Any CPU.Build.0 = Debug|Any CPU
		{F0D8B287-8CDE-44F4-A76E-2D48F03ACE7B}.Debug|x64.ActiveCfg = Debug|Any CPU
		{F0D8B287-8CDE-44F4-A76E-2D48F03ACE7B}.Debug|x64.Build.0 = Debug|Any CPU
		{F0D8B287-8CDE-44F4-A76E-2D48F03ACE7B}.Debug|x86.ActiveCfg = Debug|Any CPU
		{F0D8B287-8CDE-44F4-A76E-2D48F03ACE7B}.Debug|x86.Build.0 = Debug|Any CPU
		{F0D8B287-8CDE-44F4-A76E-2D48F03ACE7B}.Release|Any CPU.ActiveCfg = Release|Any CPU
		{F0D8B287-8CDE-44F4-A76E-2D48F03ACE7B}.Release|Any CPU.Build.0 = Release|Any CPU
		{F0D8B287-8CDE-44F4-A76E-2D48F03ACE7B}.Release|x64.ActiveCfg = Release|Any CPU
		{F0D8B287-8CDE-44F4-A76E-2D48F03ACE7B}.Release|x64.Build.0 = Release|Any CPU
		{F0D8B287-8CDE-44F4-A76E-2D48F03ACE7B}.Release|x86.ActiveCfg = Release|Any CPU
		{F0D8B287-8CDE-44F4-A76E-2D48F03ACE7B}.Release|x86.Build.0 = Release|Any CPU
		{73C745AF-986C-4860-8692-997BF8A1B55F}.Debug|Any CPU.ActiveCfg = Debug|Any CPU
		{73C745AF-986C-4860-8692-997BF8A1B55F}.Debug|Any CPU.Build.0 = Debug|Any CPU
		{73C745AF-986C-4860-8692-997BF8A1B55F}.Debug|x64.ActiveCfg = Debug|Any CPU
		{73C745AF-986C-4860-8692-997BF8A1B55F}.Debug|x64.Build.0 = Debug|Any CPU
		{73C745AF-986C-4860-8692-997BF8A1B55F}.Debug|x86.ActiveCfg = Debug|Any CPU
		{73C745AF-986C-4860-8692-997BF8A1B55F}.Debug|x86.Build.0 = Debug|Any CPU
		{73C745AF-986C-4860-8692-997BF8A1B55F}.Release|Any CPU.ActiveCfg = Release|Any CPU
		{73C745AF-986C-4860-8692-997BF8A1B55F}.Release|Any CPU.Build.0 = Release|Any CPU
		{73C745AF-986C-4860-8692-997BF8A1B55F}.Release|x64.ActiveCfg = Release|Any CPU
		{73C745AF-986C-4860-8692-997BF8A1B55F}.Release|x64.Build.0 = Release|Any CPU
		{73C745AF-986C-4860-8692-997BF8A1B55F}.Release|x86.ActiveCfg = Release|Any CPU
		{73C745AF-986C-4860-8692-997BF8A1B55F}.Release|x86.Build.0 = Release|Any CPU
		{2442AE47-59C6-4107-8569-6EEE7D51194A}.Debug|Any CPU.ActiveCfg = Debug|Any CPU
		{2442AE47-59C6-4107-8569-6EEE7D51194A}.Debug|Any CPU.Build.0 = Debug|Any CPU
		{2442AE47-59C6-4107-8569-6EEE7D51194A}.Debug|x64.ActiveCfg = Debug|Any CPU
		{2442AE47-59C6-4107-8569-6EEE7D51194A}.Debug|x64.Build.0 = Debug|Any CPU
		{2442AE47-59C6-4107-8569-6EEE7D51194A}.Debug|x86.ActiveCfg = Debug|Any CPU
		{2442AE47-59C6-4107-8569-6EEE7D51194A}.Debug|x86.Build.0 = Debug|Any CPU
		{2442AE47-59C6-4107-8569-6EEE7D51194A}.Release|Any CPU.ActiveCfg = Release|Any CPU
		{2442AE47-59C6-4107-8569-6EEE7D51194A}.Release|Any CPU.Build.0 = Release|Any CPU
		{2442AE47-59C6-4107-8569-6EEE7D51194A}.Release|x64.ActiveCfg = Release|Any CPU
		{2442AE47-59C6-4107-8569-6EEE7D51194A}.Release|x64.Build.0 = Release|Any CPU
		{2442AE47-59C6-4107-8569-6EEE7D51194A}.Release|x86.ActiveCfg = Release|Any CPU
		{2442AE47-59C6-4107-8569-6EEE7D51194A}.Release|x86.Build.0 = Release|Any CPU
		{6FD0D443-CF4C-4EA3-83FD-CDCD4AE4A519}.Debug|Any CPU.ActiveCfg = Debug|Any CPU
		{6FD0D443-CF4C-4EA3-83FD-CDCD4AE4A519}.Debug|Any CPU.Build.0 = Debug|Any CPU
		{6FD0D443-CF4C-4EA3-83FD-CDCD4AE4A519}.Debug|x64.ActiveCfg = Debug|Any CPU
		{6FD0D443-CF4C-4EA3-83FD-CDCD4AE4A519}.Debug|x64.Build.0 = Debug|Any CPU
		{6FD0D443-CF4C-4EA3-83FD-CDCD4AE4A519}.Debug|x86.ActiveCfg = Debug|Any CPU
		{6FD0D443-CF4C-4EA3-83FD-CDCD4AE4A519}.Debug|x86.Build.0 = Debug|Any CPU
		{6FD0D443-CF4C-4EA3-83FD-CDCD4AE4A519}.Release|Any CPU.ActiveCfg = Release|Any CPU
		{6FD0D443-CF4C-4EA3-83FD-CDCD4AE4A519}.Release|Any CPU.Build.0 = Release|Any CPU
		{6FD0D443-CF4C-4EA3-83FD-CDCD4AE4A519}.Release|x64.ActiveCfg = Release|Any CPU
		{6FD0D443-CF4C-4EA3-83FD-CDCD4AE4A519}.Release|x64.Build.0 = Release|Any CPU
		{6FD0D443-CF4C-4EA3-83FD-CDCD4AE4A519}.Release|x86.ActiveCfg = Release|Any CPU
		{6FD0D443-CF4C-4EA3-83FD-CDCD4AE4A519}.Release|x86.Build.0 = Release|Any CPU
		{94FEAFE3-FD60-4017-843B-B1A93094A55D}.Debug|Any CPU.ActiveCfg = Debug|Any CPU
		{94FEAFE3-FD60-4017-843B-B1A93094A55D}.Debug|Any CPU.Build.0 = Debug|Any CPU
		{94FEAFE3-FD60-4017-843B-B1A93094A55D}.Debug|x64.ActiveCfg = Debug|Any CPU
		{94FEAFE3-FD60-4017-843B-B1A93094A55D}.Debug|x64.Build.0 = Debug|Any CPU
		{94FEAFE3-FD60-4017-843B-B1A93094A55D}.Debug|x86.ActiveCfg = Debug|Any CPU
		{94FEAFE3-FD60-4017-843B-B1A93094A55D}.Debug|x86.Build.0 = Debug|Any CPU
		{94FEAFE3-FD60-4017-843B-B1A93094A55D}.Release|Any CPU.ActiveCfg = Release|Any CPU
		{94FEAFE3-FD60-4017-843B-B1A93094A55D}.Release|Any CPU.Build.0 = Release|Any CPU
		{94FEAFE3-FD60-4017-843B-B1A93094A55D}.Release|x64.ActiveCfg = Release|Any CPU
		{94FEAFE3-FD60-4017-843B-B1A93094A55D}.Release|x64.Build.0 = Release|Any CPU
		{94FEAFE3-FD60-4017-843B-B1A93094A55D}.Release|x86.ActiveCfg = Release|Any CPU
		{94FEAFE3-FD60-4017-843B-B1A93094A55D}.Release|x86.Build.0 = Release|Any CPU
		{D327DFAA-ABD6-4E47-BD4A-D3C97FE87084}.Debug|Any CPU.ActiveCfg = Debug|Any CPU
		{D327DFAA-ABD6-4E47-BD4A-D3C97FE87084}.Debug|Any CPU.Build.0 = Debug|Any CPU
		{D327DFAA-ABD6-4E47-BD4A-D3C97FE87084}.Debug|x64.ActiveCfg = Debug|Any CPU
		{D327DFAA-ABD6-4E47-BD4A-D3C97FE87084}.Debug|x64.Build.0 = Debug|Any CPU
		{D327DFAA-ABD6-4E47-BD4A-D3C97FE87084}.Debug|x86.ActiveCfg = Debug|Any CPU
		{D327DFAA-ABD6-4E47-BD4A-D3C97FE87084}.Debug|x86.Build.0 = Debug|Any CPU
		{D327DFAA-ABD6-4E47-BD4A-D3C97FE87084}.Release|Any CPU.ActiveCfg = Release|Any CPU
		{D327DFAA-ABD6-4E47-BD4A-D3C97FE87084}.Release|Any CPU.Build.0 = Release|Any CPU
		{D327DFAA-ABD6-4E47-BD4A-D3C97FE87084}.Release|x64.ActiveCfg = Release|Any CPU
		{D327DFAA-ABD6-4E47-BD4A-D3C97FE87084}.Release|x64.Build.0 = Release|Any CPU
		{D327DFAA-ABD6-4E47-BD4A-D3C97FE87084}.Release|x86.ActiveCfg = Release|Any CPU
		{D327DFAA-ABD6-4E47-BD4A-D3C97FE87084}.Release|x86.Build.0 = Release|Any CPU
		{A23EAFF0-2F55-44FB-B8EE-2FEE405FAB2B}.Debug|Any CPU.ActiveCfg = Debug|Any CPU
		{A23EAFF0-2F55-44FB-B8EE-2FEE405FAB2B}.Debug|Any CPU.Build.0 = Debug|Any CPU
		{A23EAFF0-2F55-44FB-B8EE-2FEE405FAB2B}.Debug|x64.ActiveCfg = Debug|Any CPU
		{A23EAFF0-2F55-44FB-B8EE-2FEE405FAB2B}.Debug|x64.Build.0 = Debug|Any CPU
		{A23EAFF0-2F55-44FB-B8EE-2FEE405FAB2B}.Debug|x86.ActiveCfg = Debug|Any CPU
		{A23EAFF0-2F55-44FB-B8EE-2FEE405FAB2B}.Debug|x86.Build.0 = Debug|Any CPU
		{A23EAFF0-2F55-44FB-B8EE-2FEE405FAB2B}.Release|Any CPU.ActiveCfg = Release|Any CPU
		{A23EAFF0-2F55-44FB-B8EE-2FEE405FAB2B}.Release|Any CPU.Build.0 = Release|Any CPU
		{A23EAFF0-2F55-44FB-B8EE-2FEE405FAB2B}.Release|x64.ActiveCfg = Release|Any CPU
		{A23EAFF0-2F55-44FB-B8EE-2FEE405FAB2B}.Release|x64.Build.0 = Release|Any CPU
		{A23EAFF0-2F55-44FB-B8EE-2FEE405FAB2B}.Release|x86.ActiveCfg = Release|Any CPU
		{A23EAFF0-2F55-44FB-B8EE-2FEE405FAB2B}.Release|x86.Build.0 = Release|Any CPU
		{A3ABFF0F-F613-4AFB-A4FC-BF4EBA4D17D1}.Debug|Any CPU.ActiveCfg = Debug|Any CPU
		{A3ABFF0F-F613-4AFB-A4FC-BF4EBA4D17D1}.Debug|Any CPU.Build.0 = Debug|Any CPU
		{A3ABFF0F-F613-4AFB-A4FC-BF4EBA4D17D1}.Debug|x64.ActiveCfg = Debug|Any CPU
		{A3ABFF0F-F613-4AFB-A4FC-BF4EBA4D17D1}.Debug|x64.Build.0 = Debug|Any CPU
		{A3ABFF0F-F613-4AFB-A4FC-BF4EBA4D17D1}.Debug|x86.ActiveCfg = Debug|Any CPU
		{A3ABFF0F-F613-4AFB-A4FC-BF4EBA4D17D1}.Debug|x86.Build.0 = Debug|Any CPU
		{A3ABFF0F-F613-4AFB-A4FC-BF4EBA4D17D1}.Release|Any CPU.ActiveCfg = Release|Any CPU
		{A3ABFF0F-F613-4AFB-A4FC-BF4EBA4D17D1}.Release|Any CPU.Build.0 = Release|Any CPU
		{A3ABFF0F-F613-4AFB-A4FC-BF4EBA4D17D1}.Release|x64.ActiveCfg = Release|Any CPU
		{A3ABFF0F-F613-4AFB-A4FC-BF4EBA4D17D1}.Release|x64.Build.0 = Release|Any CPU
		{A3ABFF0F-F613-4AFB-A4FC-BF4EBA4D17D1}.Release|x86.ActiveCfg = Release|Any CPU
		{A3ABFF0F-F613-4AFB-A4FC-BF4EBA4D17D1}.Release|x86.Build.0 = Release|Any CPU
		{956A7758-6B60-4EF3-ABDD-6EC309823763}.Debug|Any CPU.ActiveCfg = Debug|Any CPU
		{956A7758-6B60-4EF3-ABDD-6EC309823763}.Debug|Any CPU.Build.0 = Debug|Any CPU
		{956A7758-6B60-4EF3-ABDD-6EC309823763}.Debug|x64.ActiveCfg = Debug|Any CPU
		{956A7758-6B60-4EF3-ABDD-6EC309823763}.Debug|x64.Build.0 = Debug|Any CPU
		{956A7758-6B60-4EF3-ABDD-6EC309823763}.Debug|x86.ActiveCfg = Debug|Any CPU
		{956A7758-6B60-4EF3-ABDD-6EC309823763}.Debug|x86.Build.0 = Debug|Any CPU
		{956A7758-6B60-4EF3-ABDD-6EC309823763}.Release|Any CPU.ActiveCfg = Release|Any CPU
		{956A7758-6B60-4EF3-ABDD-6EC309823763}.Release|Any CPU.Build.0 = Release|Any CPU
		{956A7758-6B60-4EF3-ABDD-6EC309823763}.Release|x64.ActiveCfg = Release|Any CPU
		{956A7758-6B60-4EF3-ABDD-6EC309823763}.Release|x64.Build.0 = Release|Any CPU
		{956A7758-6B60-4EF3-ABDD-6EC309823763}.Release|x86.ActiveCfg = Release|Any CPU
		{956A7758-6B60-4EF3-ABDD-6EC309823763}.Release|x86.Build.0 = Release|Any CPU
		{8CF37F15-E9B7-4822-BCFA-B3FF5D8DD5D6}.Debug|Any CPU.ActiveCfg = Debug|Any CPU
		{8CF37F15-E9B7-4822-BCFA-B3FF5D8DD5D6}.Debug|Any CPU.Build.0 = Debug|Any CPU
		{8CF37F15-E9B7-4822-BCFA-B3FF5D8DD5D6}.Debug|x64.ActiveCfg = Debug|Any CPU
		{8CF37F15-E9B7-4822-BCFA-B3FF5D8DD5D6}.Debug|x64.Build.0 = Debug|Any CPU
		{8CF37F15-E9B7-4822-BCFA-B3FF5D8DD5D6}.Debug|x86.ActiveCfg = Debug|Any CPU
		{8CF37F15-E9B7-4822-BCFA-B3FF5D8DD5D6}.Debug|x86.Build.0 = Debug|Any CPU
		{8CF37F15-E9B7-4822-BCFA-B3FF5D8DD5D6}.Release|Any CPU.ActiveCfg = Release|Any CPU
		{8CF37F15-E9B7-4822-BCFA-B3FF5D8DD5D6}.Release|Any CPU.Build.0 = Release|Any CPU
		{8CF37F15-E9B7-4822-BCFA-B3FF5D8DD5D6}.Release|x64.ActiveCfg = Release|Any CPU
		{8CF37F15-E9B7-4822-BCFA-B3FF5D8DD5D6}.Release|x64.Build.0 = Release|Any CPU
		{8CF37F15-E9B7-4822-BCFA-B3FF5D8DD5D6}.Release|x86.ActiveCfg = Release|Any CPU
		{8CF37F15-E9B7-4822-BCFA-B3FF5D8DD5D6}.Release|x86.Build.0 = Release|Any CPU
		{352532C2-5325-43E1-8E77-82034B7B2417}.Debug|Any CPU.ActiveCfg = Debug|Any CPU
		{352532C2-5325-43E1-8E77-82034B7B2417}.Debug|Any CPU.Build.0 = Debug|Any CPU
		{352532C2-5325-43E1-8E77-82034B7B2417}.Debug|x64.ActiveCfg = Debug|Any CPU
		{352532C2-5325-43E1-8E77-82034B7B2417}.Debug|x64.Build.0 = Debug|Any CPU
		{352532C2-5325-43E1-8E77-82034B7B2417}.Debug|x86.ActiveCfg = Debug|Any CPU
		{352532C2-5325-43E1-8E77-82034B7B2417}.Debug|x86.Build.0 = Debug|Any CPU
		{352532C2-5325-43E1-8E77-82034B7B2417}.Release|Any CPU.ActiveCfg = Release|Any CPU
		{352532C2-5325-43E1-8E77-82034B7B2417}.Release|Any CPU.Build.0 = Release|Any CPU
		{352532C2-5325-43E1-8E77-82034B7B2417}.Release|x64.ActiveCfg = Release|Any CPU
		{352532C2-5325-43E1-8E77-82034B7B2417}.Release|x64.Build.0 = Release|Any CPU
		{352532C2-5325-43E1-8E77-82034B7B2417}.Release|x86.ActiveCfg = Release|Any CPU
		{352532C2-5325-43E1-8E77-82034B7B2417}.Release|x86.Build.0 = Release|Any CPU
		{82C978EA-6616-4C05-9F06-16D6E85ADE7C}.Debug|Any CPU.ActiveCfg = Debug|Any CPU
		{82C978EA-6616-4C05-9F06-16D6E85ADE7C}.Debug|Any CPU.Build.0 = Debug|Any CPU
		{82C978EA-6616-4C05-9F06-16D6E85ADE7C}.Debug|x64.ActiveCfg = Debug|Any CPU
		{82C978EA-6616-4C05-9F06-16D6E85ADE7C}.Debug|x64.Build.0 = Debug|Any CPU
		{82C978EA-6616-4C05-9F06-16D6E85ADE7C}.Debug|x86.ActiveCfg = Debug|Any CPU
		{82C978EA-6616-4C05-9F06-16D6E85ADE7C}.Debug|x86.Build.0 = Debug|Any CPU
		{82C978EA-6616-4C05-9F06-16D6E85ADE7C}.Release|Any CPU.ActiveCfg = Release|Any CPU
		{82C978EA-6616-4C05-9F06-16D6E85ADE7C}.Release|Any CPU.Build.0 = Release|Any CPU
		{82C978EA-6616-4C05-9F06-16D6E85ADE7C}.Release|x64.ActiveCfg = Release|Any CPU
		{82C978EA-6616-4C05-9F06-16D6E85ADE7C}.Release|x64.Build.0 = Release|Any CPU
		{82C978EA-6616-4C05-9F06-16D6E85ADE7C}.Release|x86.ActiveCfg = Release|Any CPU
		{82C978EA-6616-4C05-9F06-16D6E85ADE7C}.Release|x86.Build.0 = Release|Any CPU
		{324AA7A6-561D-4159-B695-4BD013BFF239}.Debug|Any CPU.ActiveCfg = Debug|Any CPU
		{324AA7A6-561D-4159-B695-4BD013BFF239}.Debug|Any CPU.Build.0 = Debug|Any CPU
		{324AA7A6-561D-4159-B695-4BD013BFF239}.Debug|x64.ActiveCfg = Debug|Any CPU
		{324AA7A6-561D-4159-B695-4BD013BFF239}.Debug|x64.Build.0 = Debug|Any CPU
		{324AA7A6-561D-4159-B695-4BD013BFF239}.Debug|x86.ActiveCfg = Debug|Any CPU
		{324AA7A6-561D-4159-B695-4BD013BFF239}.Debug|x86.Build.0 = Debug|Any CPU
		{324AA7A6-561D-4159-B695-4BD013BFF239}.Release|Any CPU.ActiveCfg = Release|Any CPU
		{324AA7A6-561D-4159-B695-4BD013BFF239}.Release|Any CPU.Build.0 = Release|Any CPU
		{324AA7A6-561D-4159-B695-4BD013BFF239}.Release|x64.ActiveCfg = Release|Any CPU
		{324AA7A6-561D-4159-B695-4BD013BFF239}.Release|x64.Build.0 = Release|Any CPU
		{324AA7A6-561D-4159-B695-4BD013BFF239}.Release|x86.ActiveCfg = Release|Any CPU
		{324AA7A6-561D-4159-B695-4BD013BFF239}.Release|x86.Build.0 = Release|Any CPU
		{F8C53396-F90E-4004-BE83-49259699AA43}.Debug|Any CPU.ActiveCfg = Debug|Any CPU
		{F8C53396-F90E-4004-BE83-49259699AA43}.Debug|Any CPU.Build.0 = Debug|Any CPU
		{F8C53396-F90E-4004-BE83-49259699AA43}.Debug|x64.ActiveCfg = Debug|Any CPU
		{F8C53396-F90E-4004-BE83-49259699AA43}.Debug|x64.Build.0 = Debug|Any CPU
		{F8C53396-F90E-4004-BE83-49259699AA43}.Debug|x86.ActiveCfg = Debug|Any CPU
		{F8C53396-F90E-4004-BE83-49259699AA43}.Debug|x86.Build.0 = Debug|Any CPU
		{F8C53396-F90E-4004-BE83-49259699AA43}.Release|Any CPU.ActiveCfg = Release|Any CPU
		{F8C53396-F90E-4004-BE83-49259699AA43}.Release|Any CPU.Build.0 = Release|Any CPU
		{F8C53396-F90E-4004-BE83-49259699AA43}.Release|x64.ActiveCfg = Release|Any CPU
		{F8C53396-F90E-4004-BE83-49259699AA43}.Release|x64.Build.0 = Release|Any CPU
		{F8C53396-F90E-4004-BE83-49259699AA43}.Release|x86.ActiveCfg = Release|Any CPU
		{F8C53396-F90E-4004-BE83-49259699AA43}.Release|x86.Build.0 = Release|Any CPU
		{FA742C22-6F1A-4649-BFB5-5897E121C47F}.Debug|Any CPU.ActiveCfg = Debug|Any CPU
		{FA742C22-6F1A-4649-BFB5-5897E121C47F}.Debug|Any CPU.Build.0 = Debug|Any CPU
		{FA742C22-6F1A-4649-BFB5-5897E121C47F}.Debug|x64.ActiveCfg = Debug|Any CPU
		{FA742C22-6F1A-4649-BFB5-5897E121C47F}.Debug|x64.Build.0 = Debug|Any CPU
		{FA742C22-6F1A-4649-BFB5-5897E121C47F}.Debug|x86.ActiveCfg = Debug|Any CPU
		{FA742C22-6F1A-4649-BFB5-5897E121C47F}.Debug|x86.Build.0 = Debug|Any CPU
		{FA742C22-6F1A-4649-BFB5-5897E121C47F}.Release|Any CPU.ActiveCfg = Release|Any CPU
		{FA742C22-6F1A-4649-BFB5-5897E121C47F}.Release|Any CPU.Build.0 = Release|Any CPU
		{FA742C22-6F1A-4649-BFB5-5897E121C47F}.Release|x64.ActiveCfg = Release|Any CPU
		{FA742C22-6F1A-4649-BFB5-5897E121C47F}.Release|x64.Build.0 = Release|Any CPU
		{FA742C22-6F1A-4649-BFB5-5897E121C47F}.Release|x86.ActiveCfg = Release|Any CPU
		{FA742C22-6F1A-4649-BFB5-5897E121C47F}.Release|x86.Build.0 = Release|Any CPU
		{7D40128F-3A47-439F-ACF8-1C0903883A34}.Debug|Any CPU.ActiveCfg = Debug|Any CPU
		{7D40128F-3A47-439F-ACF8-1C0903883A34}.Debug|Any CPU.Build.0 = Debug|Any CPU
		{7D40128F-3A47-439F-ACF8-1C0903883A34}.Debug|x64.ActiveCfg = Debug|Any CPU
		{7D40128F-3A47-439F-ACF8-1C0903883A34}.Debug|x64.Build.0 = Debug|Any CPU
		{7D40128F-3A47-439F-ACF8-1C0903883A34}.Debug|x86.ActiveCfg = Debug|Any CPU
		{7D40128F-3A47-439F-ACF8-1C0903883A34}.Debug|x86.Build.0 = Debug|Any CPU
		{7D40128F-3A47-439F-ACF8-1C0903883A34}.Release|Any CPU.ActiveCfg = Release|Any CPU
		{7D40128F-3A47-439F-ACF8-1C0903883A34}.Release|Any CPU.Build.0 = Release|Any CPU
		{7D40128F-3A47-439F-ACF8-1C0903883A34}.Release|x64.ActiveCfg = Release|Any CPU
		{7D40128F-3A47-439F-ACF8-1C0903883A34}.Release|x64.Build.0 = Release|Any CPU
		{7D40128F-3A47-439F-ACF8-1C0903883A34}.Release|x86.ActiveCfg = Release|Any CPU
		{7D40128F-3A47-439F-ACF8-1C0903883A34}.Release|x86.Build.0 = Release|Any CPU
		{11E317E1-39A0-427C-B35B-414F7B3CD787}.Debug|Any CPU.ActiveCfg = Debug|Any CPU
		{11E317E1-39A0-427C-B35B-414F7B3CD787}.Debug|Any CPU.Build.0 = Debug|Any CPU
		{11E317E1-39A0-427C-B35B-414F7B3CD787}.Debug|x64.ActiveCfg = Debug|Any CPU
		{11E317E1-39A0-427C-B35B-414F7B3CD787}.Debug|x64.Build.0 = Debug|Any CPU
		{11E317E1-39A0-427C-B35B-414F7B3CD787}.Debug|x86.ActiveCfg = Debug|Any CPU
		{11E317E1-39A0-427C-B35B-414F7B3CD787}.Debug|x86.Build.0 = Debug|Any CPU
		{11E317E1-39A0-427C-B35B-414F7B3CD787}.Release|Any CPU.ActiveCfg = Release|Any CPU
		{11E317E1-39A0-427C-B35B-414F7B3CD787}.Release|Any CPU.Build.0 = Release|Any CPU
		{11E317E1-39A0-427C-B35B-414F7B3CD787}.Release|x64.ActiveCfg = Release|Any CPU
		{11E317E1-39A0-427C-B35B-414F7B3CD787}.Release|x64.Build.0 = Release|Any CPU
		{11E317E1-39A0-427C-B35B-414F7B3CD787}.Release|x86.ActiveCfg = Release|Any CPU
		{11E317E1-39A0-427C-B35B-414F7B3CD787}.Release|x86.Build.0 = Release|Any CPU
		{A5999A50-BEAF-47DA-A81D-EE3E578B4B2E}.Debug|Any CPU.ActiveCfg = Debug|Any CPU
		{A5999A50-BEAF-47DA-A81D-EE3E578B4B2E}.Debug|Any CPU.Build.0 = Debug|Any CPU
		{A5999A50-BEAF-47DA-A81D-EE3E578B4B2E}.Debug|x64.ActiveCfg = Debug|Any CPU
		{A5999A50-BEAF-47DA-A81D-EE3E578B4B2E}.Debug|x64.Build.0 = Debug|Any CPU
		{A5999A50-BEAF-47DA-A81D-EE3E578B4B2E}.Debug|x86.ActiveCfg = Debug|Any CPU
		{A5999A50-BEAF-47DA-A81D-EE3E578B4B2E}.Debug|x86.Build.0 = Debug|Any CPU
		{A5999A50-BEAF-47DA-A81D-EE3E578B4B2E}.Release|Any CPU.ActiveCfg = Release|Any CPU
		{A5999A50-BEAF-47DA-A81D-EE3E578B4B2E}.Release|Any CPU.Build.0 = Release|Any CPU
		{A5999A50-BEAF-47DA-A81D-EE3E578B4B2E}.Release|x64.ActiveCfg = Release|Any CPU
		{A5999A50-BEAF-47DA-A81D-EE3E578B4B2E}.Release|x64.Build.0 = Release|Any CPU
		{A5999A50-BEAF-47DA-A81D-EE3E578B4B2E}.Release|x86.ActiveCfg = Release|Any CPU
		{A5999A50-BEAF-47DA-A81D-EE3E578B4B2E}.Release|x86.Build.0 = Release|Any CPU
		{6F3D083F-68A2-425B-A450-863ECCAE283F}.Debug|Any CPU.ActiveCfg = Debug|Any CPU
		{6F3D083F-68A2-425B-A450-863ECCAE283F}.Debug|Any CPU.Build.0 = Debug|Any CPU
		{6F3D083F-68A2-425B-A450-863ECCAE283F}.Debug|x64.ActiveCfg = Debug|Any CPU
		{6F3D083F-68A2-425B-A450-863ECCAE283F}.Debug|x64.Build.0 = Debug|Any CPU
		{6F3D083F-68A2-425B-A450-863ECCAE283F}.Debug|x86.ActiveCfg = Debug|Any CPU
		{6F3D083F-68A2-425B-A450-863ECCAE283F}.Debug|x86.Build.0 = Debug|Any CPU
		{6F3D083F-68A2-425B-A450-863ECCAE283F}.Release|Any CPU.ActiveCfg = Release|Any CPU
		{6F3D083F-68A2-425B-A450-863ECCAE283F}.Release|Any CPU.Build.0 = Release|Any CPU
		{6F3D083F-68A2-425B-A450-863ECCAE283F}.Release|x64.ActiveCfg = Release|Any CPU
		{6F3D083F-68A2-425B-A450-863ECCAE283F}.Release|x64.Build.0 = Release|Any CPU
		{6F3D083F-68A2-425B-A450-863ECCAE283F}.Release|x86.ActiveCfg = Release|Any CPU
		{6F3D083F-68A2-425B-A450-863ECCAE283F}.Release|x86.Build.0 = Release|Any CPU
	EndGlobalSection
	GlobalSection(SolutionProperties) = preSolution
		HideSolutionNode = FALSE
	EndGlobalSection
	GlobalSection(NestedProjects) = preSolution
		{3718C8AA-EE4D-49D7-9958-D7427E27579A} = {8025DCBE-9D50-439E-9AB2-B1317CBE5727}
		{96AAABAC-5351-418A-9D91-274491351D2C} = {8025DCBE-9D50-439E-9AB2-B1317CBE5727}
		{1308316C-3690-4393-A3F5-FB561200D6B7} = {97463163-EA52-4D56-B4A8-A8C01896F304}
		{FE5AF220-7E4F-4137-A5E7-8BD938F04D84} = {97463163-EA52-4D56-B4A8-A8C01896F304}
		{C8558A32-0AD9-4054-A77F-B3A82BB8AA6A} = {97463163-EA52-4D56-B4A8-A8C01896F304}
		{9D532AC7-658C-4680-AE76-2AC10D5947EF} = {171B05F6-7E5C-4EEF-A797-4EEBD8B876F6}
		{F58FA546-DF97-4CDB-BE4D-9B4C25B97D1E} = {468B8887-538B-459A-B6C1-A093EF285E80}
		{01E480EC-858E-4C8F-B395-12EFE559B07F} = {468B8887-538B-459A-B6C1-A093EF285E80}
		{19931318-C11B-42FB-83EE-A5CB0EAD6A74} = {D294FEA1-A030-428D-8585-A87CC2A0A35B}
		{18568D2B-5884-4DDD-96EF-434BA191F83E} = {D294FEA1-A030-428D-8585-A87CC2A0A35B}
		{E1C051D0-E7A8-4554-B2DE-8A58FB8E10AF} = {468B8887-538B-459A-B6C1-A093EF285E80}
		{3293F4DF-C189-43C4-8AA1-AA178359F196} = {468B8887-538B-459A-B6C1-A093EF285E80}
		{3A8D66F9-F6B4-4F10-849E-F9DFDB7CDDE3} = {3293F4DF-C189-43C4-8AA1-AA178359F196}
		{EE4BBDAF-9973-4D71-9A71-B57706BF367D} = {171B05F6-7E5C-4EEF-A797-4EEBD8B876F6}
		{8D86C0E6-189F-47B2-A867-56B036836E51} = {171B05F6-7E5C-4EEF-A797-4EEBD8B876F6}
		{548F6E1C-36FA-40F4-BDA4-32555858B1CF} = {171B05F6-7E5C-4EEF-A797-4EEBD8B876F6}
		{03A2743C-C2DC-4DAA-8B41-606C284E412A} = {D294FEA1-A030-428D-8585-A87CC2A0A35B}
		{BCCF5AF0-93A9-4F9B-BE7B-45F10CB5E2A2} = {03A2743C-C2DC-4DAA-8B41-606C284E412A}
		{492496C1-96D5-4F72-8CAE-2BC0B4BBF250} = {D294FEA1-A030-428D-8585-A87CC2A0A35B}
		{095AD74A-CB79-4652-9538-0077B7083228} = {D294FEA1-A030-428D-8585-A87CC2A0A35B}
		{0FCB3CC0-7C8C-4BFE-B25E-8F4DE046B426} = {171B05F6-7E5C-4EEF-A797-4EEBD8B876F6}
		{249DB0C6-D7F7-4740-B78B-949BC41346D4} = {171B05F6-7E5C-4EEF-A797-4EEBD8B876F6}
		{47EDDD48-2F14-4623-95DB-02C3817B0861} = {FAC36B61-4A4F-4BA8-A111-A8CFD3AE4D5E}
		{10B8E264-F9F0-4333-8DA8-B9005AD55EE1} = {FAC36B61-4A4F-4BA8-A111-A8CFD3AE4D5E}
		{F0D8B287-8CDE-44F4-A76E-2D48F03ACE7B} = {FAC36B61-4A4F-4BA8-A111-A8CFD3AE4D5E}
		{73C745AF-986C-4860-8692-997BF8A1B55F} = {FAC36B61-4A4F-4BA8-A111-A8CFD3AE4D5E}
		{2442AE47-59C6-4107-8569-6EEE7D51194A} = {97463163-EA52-4D56-B4A8-A8C01896F304}
		{6FD0D443-CF4C-4EA3-83FD-CDCD4AE4A519} = {97463163-EA52-4D56-B4A8-A8C01896F304}
		{94FEAFE3-FD60-4017-843B-B1A93094A55D} = {3293F4DF-C189-43C4-8AA1-AA178359F196}
		{D327DFAA-ABD6-4E47-BD4A-D3C97FE87084} = {FAC36B61-4A4F-4BA8-A111-A8CFD3AE4D5E}
		{A23EAFF0-2F55-44FB-B8EE-2FEE405FAB2B} = {468B8887-538B-459A-B6C1-A093EF285E80}
		{A3ABFF0F-F613-4AFB-A4FC-BF4EBA4D17D1} = {19F5F90F-8715-4F3B-8E0F-34FE3092FDF3}
		{956A7758-6B60-4EF3-ABDD-6EC309823763} = {19F5F90F-8715-4F3B-8E0F-34FE3092FDF3}
		{8CF37F15-E9B7-4822-BCFA-B3FF5D8DD5D6} = {19F5F90F-8715-4F3B-8E0F-34FE3092FDF3}
		{352532C2-5325-43E1-8E77-82034B7B2417} = {19F5F90F-8715-4F3B-8E0F-34FE3092FDF3}
		{82C978EA-6616-4C05-9F06-16D6E85ADE7C} = {8025DCBE-9D50-439E-9AB2-B1317CBE5727}
		{324AA7A6-561D-4159-B695-4BD013BFF239} = {0AB3BF05-4346-4AA6-1389-037BE0695223}
		{F8C53396-F90E-4004-BE83-49259699AA43} = {6E1F48CB-F807-465D-B630-5B7C74ECEFC2}
		{FA742C22-6F1A-4649-BFB5-5897E121C47F} = {6E1F48CB-F807-465D-B630-5B7C74ECEFC2}
		{7D40128F-3A47-439F-ACF8-1C0903883A34} = {6E1F48CB-F807-465D-B630-5B7C74ECEFC2}
		{6F3D083F-68A2-425B-A450-863ECCAE283F} = {6E1F48CB-F807-465D-B630-5B7C74ECEFC2}
	EndGlobalSection
EndGlobal
